
Microsoft Visual Studio Solution File, Format Version 12.00
# Visual Studio Version 17
VisualStudioVersion = 17.0.32112.339
MinimumVisualStudioVersion = 10.0.40219.1
Project("{FAE04EC0-301F-11D3-BF4B-00C04F79EFBC}") = "CostAccounting.UWP", "CostAccounting.UWP\CostAccounting.UWP.csproj", "{1693E1BF-0A64-4BAF-9A95-852B42EE5DB5}"
EndProject
Project("{FAE04EC0-301F-11D3-BF4B-00C04F79EFBC}") = "CostAccounting.Android", "CostAccounting.Android\CostAccounting.Android.csproj", "{DFA5A18F-571A-4923-A5CD-572730F9BC68}"
EndProject
Project("{FAE04EC0-301F-11D3-BF4B-00C04F79EFBC}") = "CostAccounting.iOS", "CostAccounting.iOS\CostAccounting.iOS.csproj", "{E4A96308-CA29-4A80-8ACA-D08A8B797AAB}"
EndProject
Project("{FAE04EC0-301F-11D3-BF4B-00C04F79EFBC}") = "CostAccounting", "CostAccounting\CostAccounting.csproj", "{5FFEF89C-783D-43DB-9970-C68E080D9D35}"
EndProject
Global
	GlobalSection(SolutionConfigurationPlatforms) = preSolution
		Debug|Any CPU = Debug|Any CPU
		Debug|ARM = Debug|ARM
		Debug|iPhone = Debug|iPhone
		Debug|iPhoneSimulator = Debug|iPhoneSimulator
		Debug|x64 = Debug|x64
		Debug|x86 = Debug|x86
		Release|Any CPU = Release|Any CPU
		Release|ARM = Release|ARM
		Release|iPhone = Release|iPhone
		Release|iPhoneSimulator = Release|iPhoneSimulator
		Release|x64 = Release|x64
		Release|x86 = Release|x86
	EndGlobalSection
	GlobalSection(ProjectConfigurationPlatforms) = postSolution
		{1693E1BF-0A64-4BAF-9A95-852B42EE5DB5}.Debug|Any CPU.ActiveCfg = Debug|x64
		{1693E1BF-0A64-4BAF-9A95-852B42EE5DB5}.Debug|Any CPU.Build.0 = Debug|x64
		{1693E1BF-0A64-4BAF-9A95-852B42EE5DB5}.Debug|Any CPU.Deploy.0 = Debug|x64
		{1693E1BF-0A64-4BAF-9A95-852B42EE5DB5}.Debug|ARM.ActiveCfg = Debug|ARM
		{1693E1BF-0A64-4BAF-9A95-852B42EE5DB5}.Debug|ARM.Build.0 = Debug|ARM
		{1693E1BF-0A64-4BAF-9A95-852B42EE5DB5}.Debug|ARM.Deploy.0 = Debug|ARM
		{1693E1BF-0A64-4BAF-9A95-852B42EE5DB5}.Debug|iPhone.ActiveCfg = Debug|x64
		{1693E1BF-0A64-4BAF-9A95-852B42EE5DB5}.Debug|iPhone.Build.0 = Debug|x64
		{1693E1BF-0A64-4BAF-9A95-852B42EE5DB5}.Debug|iPhone.Deploy.0 = Debug|x64
		{1693E1BF-0A64-4BAF-9A95-852B42EE5DB5}.Debug|iPhoneSimulator.ActiveCfg = Debug|x64
		{1693E1BF-0A64-4BAF-9A95-852B42EE5DB5}.Debug|iPhoneSimulator.Build.0 = Debug|x64
		{1693E1BF-0A64-4BAF-9A95-852B42EE5DB5}.Debug|iPhoneSimulator.Deploy.0 = Debug|x64
		{1693E1BF-0A64-4BAF-9A95-852B42EE5DB5}.Debug|x64.ActiveCfg = Debug|x64
		{1693E1BF-0A64-4BAF-9A95-852B42EE5DB5}.Debug|x64.Build.0 = Debug|x64
		{1693E1BF-0A64-4BAF-9A95-852B42EE5DB5}.Debug|x64.Deploy.0 = Debug|x64
		{1693E1BF-0A64-4BAF-9A95-852B42EE5DB5}.Debug|x86.ActiveCfg = Debug|x86
		{1693E1BF-0A64-4BAF-9A95-852B42EE5DB5}.Debug|x86.Build.0 = Debug|x86
		{1693E1BF-0A64-4BAF-9A95-852B42EE5DB5}.Debug|x86.Deploy.0 = Debug|x86
		{1693E1BF-0A64-4BAF-9A95-852B42EE5DB5}.Release|Any CPU.ActiveCfg = Release|x64
		{1693E1BF-0A64-4BAF-9A95-852B42EE5DB5}.Release|Any CPU.Build.0 = Release|x64
		{1693E1BF-0A64-4BAF-9A95-852B42EE5DB5}.Release|Any CPU.Deploy.0 = Release|x64
		{1693E1BF-0A64-4BAF-9A95-852B42EE5DB5}.Release|ARM.ActiveCfg = Release|ARM
		{1693E1BF-0A64-4BAF-9A95-852B42EE5DB5}.Release|ARM.Build.0 = Release|ARM
		{1693E1BF-0A64-4BAF-9A95-852B42EE5DB5}.Release|ARM.Deploy.0 = Release|ARM
		{1693E1BF-0A64-4BAF-9A95-852B42EE5DB5}.Release|iPhone.ActiveCfg = Release|x64
		{1693E1BF-0A64-4BAF-9A95-852B42EE5DB5}.Release|iPhone.Build.0 = Release|x64
		{1693E1BF-0A64-4BAF-9A95-852B42EE5DB5}.Release|iPhone.Deploy.0 = Release|x64
		{1693E1BF-0A64-4BAF-9A95-852B42EE5DB5}.Release|iPhoneSimulator.ActiveCfg = Release|x64
		{1693E1BF-0A64-4BAF-9A95-852B42EE5DB5}.Release|iPhoneSimulator.Build.0 = Release|x64
		{1693E1BF-0A64-4BAF-9A95-852B42EE5DB5}.Release|iPhoneSimulator.Deploy.0 = Release|x64
		{1693E1BF-0A64-4BAF-9A95-852B42EE5DB5}.Release|x64.ActiveCfg = Release|x64
		{1693E1BF-0A64-4BAF-9A95-852B42EE5DB5}.Release|x64.Build.0 = Release|x64
		{1693E1BF-0A64-4BAF-9A95-852B42EE5DB5}.Release|x64.Deploy.0 = Release|x64
		{1693E1BF-0A64-4BAF-9A95-852B42EE5DB5}.Release|x86.ActiveCfg = Release|x86
		{1693E1BF-0A64-4BAF-9A95-852B42EE5DB5}.Release|x86.Build.0 = Release|x86
		{1693E1BF-0A64-4BAF-9A95-852B42EE5DB5}.Release|x86.Deploy.0 = Release|x86
		{DFA5A18F-571A-4923-A5CD-572730F9BC68}.Debug|Any CPU.ActiveCfg = Debug|Any CPU
		{DFA5A18F-571A-4923-A5CD-572730F9BC68}.Debug|Any CPU.Build.0 = Debug|Any CPU
		{DFA5A18F-571A-4923-A5CD-572730F9BC68}.Debug|Any CPU.Deploy.0 = Debug|Any CPU
		{DFA5A18F-571A-4923-A5CD-572730F9BC68}.Debug|ARM.ActiveCfg = Debug|Any CPU
		{DFA5A18F-571A-4923-A5CD-572730F9BC68}.Debug|ARM.Build.0 = Debug|Any CPU
		{DFA5A18F-571A-4923-A5CD-572730F9BC68}.Debug|ARM.Deploy.0 = Debug|Any CPU
		{DFA5A18F-571A-4923-A5CD-572730F9BC68}.Debug|iPhone.ActiveCfg = Debug|Any CPU
		{DFA5A18F-571A-4923-A5CD-572730F9BC68}.Debug|iPhone.Build.0 = Debug|Any CPU
		{DFA5A18F-571A-4923-A5CD-572730F9BC68}.Debug|iPhone.Deploy.0 = Debug|Any CPU
		{DFA5A18F-571A-4923-A5CD-572730F9BC68}.Debug|iPhoneSimulator.ActiveCfg = Debug|Any CPU
		{DFA5A18F-571A-4923-A5CD-572730F9BC68}.Debug|iPhoneSimulator.Build.0 = Debug|Any CPU
		{DFA5A18F-571A-4923-A5CD-572730F9BC68}.Debug|iPhoneSimulator.Deploy.0 = Debug|Any CPU
		{DFA5A18F-571A-4923-A5CD-572730F9BC68}.Debug|x64.ActiveCfg = Debug|Any CPU
		{DFA5A18F-571A-4923-A5CD-572730F9BC68}.Debug|x64.Build.0 = Debug|Any CPU
		{DFA5A18F-571A-4923-A5CD-572730F9BC68}.Debug|x64.Deploy.0 = Debug|Any CPU
		{DFA5A18F-571A-4923-A5CD-572730F9BC68}.Debug|x86.ActiveCfg = Debug|Any CPU
		{DFA5A18F-571A-4923-A5CD-572730F9BC68}.Debug|x86.Build.0 = Debug|Any CPU
		{DFA5A18F-571A-4923-A5CD-572730F9BC68}.Debug|x86.Deploy.0 = Debug|Any CPU
		{DFA5A18F-571A-4923-A5CD-572730F9BC68}.Release|Any CPU.ActiveCfg = Release|Any CPU
		{DFA5A18F-571A-4923-A5CD-572730F9BC68}.Release|Any CPU.Build.0 = Release|Any CPU
		{DFA5A18F-571A-4923-A5CD-572730F9BC68}.Release|Any CPU.Deploy.0 = Release|Any CPU
		{DFA5A18F-571A-4923-A5CD-572730F9BC68}.Release|ARM.ActiveCfg = Release|Any CPU
		{DFA5A18F-571A-4923-A5CD-572730F9BC68}.Release|ARM.Build.0 = Release|Any CPU
		{DFA5A18F-571A-4923-A5CD-572730F9BC68}.Release|ARM.Deploy.0 = Release|Any CPU
		{DFA5A18F-571A-4923-A5CD-572730F9BC68}.Release|iPhone.ActiveCfg = Release|Any CPU
		{DFA5A18F-571A-4923-A5CD-572730F9BC68}.Release|iPhone.Build.0 = Release|Any CPU
		{DFA5A18F-571A-4923-A5CD-572730F9BC68}.Release|iPhone.Deploy.0 = Release|Any CPU
		{DFA5A18F-571A-4923-A5CD-572730F9BC68}.Release|iPhoneSimulator.ActiveCfg = Release|Any CPU
		{DFA5A18F-571A-4923-A5CD-572730F9BC68}.Release|iPhoneSimulator.Build.0 = Release|Any CPU
		{DFA5A18F-571A-4923-A5CD-572730F9BC68}.Release|iPhoneSimulator.Deploy.0 = Release|Any CPU
		{DFA5A18F-571A-4923-A5CD-572730F9BC68}.Release|x64.ActiveCfg = Release|Any CPU
		{DFA5A18F-571A-4923-A5CD-572730F9BC68}.Release|x64.Build.0 = Release|Any CPU
		{DFA5A18F-571A-4923-A5CD-572730F9BC68}.Release|x64.Deploy.0 = Release|Any CPU
		{DFA5A18F-571A-4923-A5CD-572730F9BC68}.Release|x86.ActiveCfg = Release|Any CPU
		{DFA5A18F-571A-4923-A5CD-572730F9BC68}.Release|x86.Build.0 = Release|Any CPU
		{DFA5A18F-571A-4923-A5CD-572730F9BC68}.Release|x86.Deploy.0 = Release|Any CPU
		{E4A96308-CA29-4A80-8ACA-D08A8B797AAB}.Debug|Any CPU.ActiveCfg = Debug|iPhoneSimulator
		{E4A96308-CA29-4A80-8ACA-D08A8B797AAB}.Debug|Any CPU.Build.0 = Debug|iPhoneSimulator
		{E4A96308-CA29-4A80-8ACA-D08A8B797AAB}.Debug|Any CPU.Deploy.0 = Debug|iPhoneSimulator
		{E4A96308-CA29-4A80-8ACA-D08A8B797AAB}.Debug|ARM.ActiveCfg = Debug|iPhoneSimulator
		{E4A96308-CA29-4A80-8ACA-D08A8B797AAB}.Debug|ARM.Build.0 = Debug|iPhoneSimulator
		{E4A96308-CA29-4A80-8ACA-D08A8B797AAB}.Debug|ARM.Deploy.0 = Debug|iPhoneSimulator
		{E4A96308-CA29-4A80-8ACA-D08A8B797AAB}.Debug|iPhone.ActiveCfg = Debug|iPhone
		{E4A96308-CA29-4A80-8ACA-D08A8B797AAB}.Debug|iPhone.Build.0 = Debug|iPhone
		{E4A96308-CA29-4A80-8ACA-D08A8B797AAB}.Debug|iPhone.Deploy.0 = Debug|iPhone
		{E4A96308-CA29-4A80-8ACA-D08A8B797AAB}.Debug|iPhoneSimulator.ActiveCfg = Debug|iPhoneSimulator
		{E4A96308-CA29-4A80-8ACA-D08A8B797AAB}.Debug|iPhoneSimulator.Build.0 = Debug|iPhoneSimulator
		{E4A96308-CA29-4A80-8ACA-D08A8B797AAB}.Debug|iPhoneSimulator.Deploy.0 = Debug|iPhoneSimulator
		{E4A96308-CA29-4A80-8ACA-D08A8B797AAB}.Debug|x64.ActiveCfg = Debug|iPhone
		{E4A96308-CA29-4A80-8ACA-D08A8B797AAB}.Debug|x64.Build.0 = Debug|iPhone
		{E4A96308-CA29-4A80-8ACA-D08A8B797AAB}.Debug|x64.Deploy.0 = Debug|iPhone
		{E4A96308-CA29-4A80-8ACA-D08A8B797AAB}.Debug|x86.ActiveCfg = Debug|iPhoneSimulator
		{E4A96308-CA29-4A80-8ACA-D08A8B797AAB}.Debug|x86.Build.0 = Debug|iPhoneSimulator
		{E4A96308-CA29-4A80-8ACA-D08A8B797AAB}.Debug|x86.Deploy.0 = Debug|iPhoneSimulator
		{E4A96308-CA29-4A80-8ACA-D08A8B797AAB}.Release|Any CPU.ActiveCfg = Release|iPhoneSimulator
		{E4A96308-CA29-4A80-8ACA-D08A8B797AAB}.Release|Any CPU.Build.0 = Release|iPhoneSimulator
		{E4A96308-CA29-4A80-8ACA-D08A8B797AAB}.Release|Any CPU.Deploy.0 = Release|iPhoneSimulator
		{E4A96308-CA29-4A80-8ACA-D08A8B797AAB}.Release|ARM.ActiveCfg = Release|iPhoneSimulator
		{E4A96308-CA29-4A80-8ACA-D08A8B797AAB}.Release|ARM.Build.0 = Release|iPhoneSimulator
		{E4A96308-CA29-4A80-8ACA-D08A8B797AAB}.Release|ARM.Deploy.0 = Release|iPhoneSimulator
		{E4A96308-CA29-4A80-8ACA-D08A8B797AAB}.Release|iPhone.ActiveCfg = Release|iPhone
		{E4A96308-CA29-4A80-8ACA-D08A8B797AAB}.Release|iPhone.Build.0 = Release|iPhone
		{E4A96308-CA29-4A80-8ACA-D08A8B797AAB}.Release|iPhone.Deploy.0 = Release|iPhone
		{E4A96308-CA29-4A80-8ACA-D08A8B797AAB}.Release|iPhoneSimulator.ActiveCfg = Release|iPhoneSimulator
		{E4A96308-CA29-4A80-8ACA-D08A8B797AAB}.Release|iPhoneSimulator.Build.0 = Release|iPhoneSimulator
		{E4A96308-CA29-4A80-8ACA-D08A8B797AAB}.Release|iPhoneSimulator.Deploy.0 = Release|iPhoneSimulator
		{E4A96308-CA29-4A80-8ACA-D08A8B797AAB}.Release|x64.ActiveCfg = Release|iPhoneSimulator
		{E4A96308-CA29-4A80-8ACA-D08A8B797AAB}.Release|x64.Build.0 = Release|iPhoneSimulator
		{E4A96308-CA29-4A80-8ACA-D08A8B797AAB}.Release|x64.Deploy.0 = Release|iPhoneSimulator
		{E4A96308-CA29-4A80-8ACA-D08A8B797AAB}.Release|x86.ActiveCfg = Release|iPhoneSimulator
		{E4A96308-CA29-4A80-8ACA-D08A8B797AAB}.Release|x86.Build.0 = Release|iPhoneSimulator
		{E4A96308-CA29-4A80-8ACA-D08A8B797AAB}.Release|x86.Deploy.0 = Release|iPhoneSimulator
		{5FFEF89C-783D-43DB-9970-C68E080D9D35}.Debug|Any CPU.ActiveCfg = Debug|Any CPU
		{5FFEF89C-783D-43DB-9970-C68E080D9D35}.Debug|Any CPU.Build.0 = Debug|Any CPU
		{5FFEF89C-783D-43DB-9970-C68E080D9D35}.Debug|Any CPU.Deploy.0 = Debug|Any CPU
		{5FFEF89C-783D-43DB-9970-C68E080D9D35}.Debug|ARM.ActiveCfg = Debug|Any CPU
		{5FFEF89C-783D-43DB-9970-C68E080D9D35}.Debug|ARM.Build.0 = Debug|Any CPU
		{5FFEF89C-783D-43DB-9970-C68E080D9D35}.Debug|ARM.Deploy.0 = Debug|Any CPU
		{5FFEF89C-783D-43DB-9970-C68E080D9D35}.Debug|iPhone.ActiveCfg = Debug|Any CPU
		{5FFEF89C-783D-43DB-9970-C68E080D9D35}.Debug|iPhone.Build.0 = Debug|Any CPU
		{5FFEF89C-783D-43DB-9970-C68E080D9D35}.Debug|iPhone.Deploy.0 = Debug|Any CPU
		{5FFEF89C-783D-43DB-9970-C68E080D9D35}.Debug|iPhoneSimulator.ActiveCfg = Debug|Any CPU
		{5FFEF89C-783D-43DB-9970-C68E080D9D35}.Debug|iPhoneSimulator.Build.0 = Debug|Any CPU
		{5FFEF89C-783D-43DB-9970-C68E080D9D35}.Debug|iPhoneSimulator.Deploy.0 = Debug|Any CPU
		{5FFEF89C-783D-43DB-9970-C68E080D9D35}.Debug|x64.ActiveCfg = Debug|Any CPU
		{5FFEF89C-783D-43DB-9970-C68E080D9D35}.Debug|x64.Build.0 = Debug|Any CPU
		{5FFEF89C-783D-43DB-9970-C68E080D9D35}.Debug|x64.Deploy.0 = Debug|Any CPU
		{5FFEF89C-783D-43DB-9970-C68E080D9D35}.Debug|x86.ActiveCfg = Debug|Any CPU
		{5FFEF89C-783D-43DB-9970-C68E080D9D35}.Debug|x86.Build.0 = Debug|Any CPU
		{5FFEF89C-783D-43DB-9970-C68E080D9D35}.Debug|x86.Deploy.0 = Debug|Any CPU
		{5FFEF89C-783D-43DB-9970-C68E080D9D35}.Release|Any CPU.ActiveCfg = Release|Any CPU
		{5FFEF89C-783D-43DB-9970-C68E080D9D35}.Release|Any CPU.Build.0 = Release|Any CPU
		{5FFEF89C-783D-43DB-9970-C68E080D9D35}.Release|Any CPU.Deploy.0 = Release|Any CPU
		{5FFEF89C-783D-43DB-9970-C68E080D9D35}.Release|ARM.ActiveCfg = Release|Any CPU
		{5FFEF89C-783D-43DB-9970-C68E080D9D35}.Release|ARM.Build.0 = Release|Any CPU
		{5FFEF89C-783D-43DB-9970-C68E080D9D35}.Release|ARM.Deploy.0 = Release|Any CPU
		{5FFEF89C-783D-43DB-9970-C68E080D9D35}.Release|iPhone.ActiveCfg = Release|Any CPU
		{5FFEF89C-783D-43DB-9970-C68E080D9D35}.Release|iPhone.Build.0 = Release|Any CPU
		{5FFEF89C-783D-43DB-9970-C68E080D9D35}.Release|iPhone.Deploy.0 = Release|Any CPU
		{5FFEF89C-783D-43DB-9970-C68E080D9D35}.Release|iPhoneSimulator.ActiveCfg = Release|Any CPU
		{5FFEF89C-783D-43DB-9970-C68E080D9D35}.Release|iPhoneSimulator.Build.0 = Release|Any CPU
		{5FFEF89C-783D-43DB-9970-C68E080D9D35}.Release|iPhoneSimulator.Deploy.0 = Release|Any CPU
		{5FFEF89C-783D-43DB-9970-C68E080D9D35}.Release|x64.ActiveCfg = Release|Any CPU
		{5FFEF89C-783D-43DB-9970-C68E080D9D35}.Release|x64.Build.0 = Release|Any CPU
		{5FFEF89C-783D-43DB-9970-C68E080D9D35}.Release|x64.Deploy.0 = Release|Any CPU
		{5FFEF89C-783D-43DB-9970-C68E080D9D35}.Release|x86.ActiveCfg = Release|Any CPU
		{5FFEF89C-783D-43DB-9970-C68E080D9D35}.Release|x86.Build.0 = Release|Any CPU
		{5FFEF89C-783D-43DB-9970-C68E080D9D35}.Release|x86.Deploy.0 = Release|Any CPU
	EndGlobalSection
	GlobalSection(SolutionProperties) = preSolution
		HideSolutionNode = FALSE
	EndGlobalSection
	GlobalSection(ExtensibilityGlobals) = postSolution
		SolutionGuid = {8C9FDCE7-22CA-449E-812D-E7B9C3107338}
	EndGlobalSection
EndGlobal
